# THIS IS AN AUTOGENERATED FILE. DO NOT EDIT THIS FILE DIRECTLY.
# yarn lockfile v1


"@types/node@^8.0.28":
  version "8.10.21"
  resolved "https://registry.yarnpkg.com/@types/node/-/node-8.10.21.tgz#12b3f2359b27aa05a45d886c8ba1eb8d1a77e285"

typescript@^2.5.2:
  version "2.9.2"
  resolved "https://registry.yarnpkg.com/typescript/-/typescript-2.9.2.tgz#1cbf61d05d6b96269244eb6a3bce4bd914e0f00c"
